
Microsoft Visual Studio Solution File, Format Version 12.00
# Visual Studio Version 17
VisualStudioVersion = 17.6.33829.357
MinimumVisualStudioVersion = 10.0.40219.1
Project("{FAE04EC0-301F-11D3-BF4B-00C04F79EFBC}") = "MultiFakeAuth", "MultiFakeAuth.csproj", "{229EAA6A-4C03-4037-BEDC-C3ABA4128FDD}"
EndProject
Global
	GlobalSection(SolutionConfigurationPlatforms) = preSolution
		Debug|Any CPU = Debug|Any CPU
		Release|Any CPU = Release|Any CPU
	EndGlobalSection
	GlobalSection(ProjectConfigurationPlatforms) = postSolution
		{229EAA6A-4C03-4037-BEDC-C3ABA4128FDD}.Debug|Any CPU.ActiveCfg = Debug|Any CPU
		{229EAA6A-4C03-4037-BEDC-C3ABA4128FDD}.Debug|Any CPU.Build.0 = Debug|Any CPU
		{229EAA6A-4C03-4037-BEDC-C3ABA4128FDD}.Release|Any CPU.ActiveCfg = Release|Any CPU
		{229EAA6A-4C03-4037-BEDC-C3ABA4128FDD}.Release|Any CPU.Build.0 = Release|Any CPU
	EndGlobalSection
	GlobalSection(SolutionProperties) = preSolution
		HideSolutionNode = FALSE
	EndGlobalSection
	GlobalSection(ExtensibilityGlobals) = postSolution
		SolutionGuid = {BD68A9A8-77B8-4C65-894B-6150D489F502}
	EndGlobalSection
EndGlobal
